
Microsoft Visual Studio Solution File, Format Version 12.00
# Visual Studio Version 17
VisualStudioVersion = 17.14.36301.6 d17.14
MinimumVisualStudioVersion = 10.0.40219.1
Project("{FAE04EC0-301F-11D3-BF4B-00C04F79EFBC}") = "TaskAPI", "TaskAPI\TaskAPI.csproj", "{2FDE5C47-EEFA-456A-86BD-30B2022B05B6}"
EndProject
Global
	GlobalSection(SolutionConfigurationPlatforms) = preSolution
		Debug|Any CPU = Debug|Any CPU
		Release|Any CPU = Release|Any CPU
	EndGlobalSection
	GlobalSection(ProjectConfigurationPlatforms) = postSolution
		{2FDE5C47-EEFA-456A-86BD-30B2022B05B6}.Debug|Any CPU.ActiveCfg = Debug|Any CPU
		{2FDE5C47-EEFA-456A-86BD-30B2022B05B6}.Debug|Any CPU.Build.0 = Debug|Any CPU
		{2FDE5C47-EEFA-456A-86BD-30B2022B05B6}.Release|Any CPU.ActiveCfg = Release|Any CPU
		{2FDE5C47-EEFA-456A-86BD-30B2022B05B6}.Release|Any CPU.Build.0 = Release|Any CPU
	EndGlobalSection
	GlobalSection(SolutionProperties) = preSolution
		HideSolutionNode = FALSE
	EndGlobalSection
	GlobalSection(ExtensibilityGlobals) = postSolution
		SolutionGuid = {D8D79D8B-DD98-4ECA-BC1D-DB95905D8B5D}
	EndGlobalSection
EndGlobal
